
Microsoft Visual Studio Solution File, Format Version 12.00
# Visual Studio 2012
Project("{FAE04EC0-301F-11D3-BF4B-00C04F79EFBC}") = "IP_TASK_1", "IP_TASK_1\IP_TASK_1.csproj", "{D31525EF-11D5-4A02-AC59-D8E5548868CB}"
EndProject
Global
	GlobalSection(SolutionConfigurationPlatforms) = preSolution
		Debug|Any CPU = Debug|Any CPU
		Release|Any CPU = Release|Any CPU
	EndGlobalSection
	GlobalSection(ProjectConfigurationPlatforms) = postSolution
		{D31525EF-11D5-4A02-AC59-D8E5548868CB}.Debug|Any CPU.ActiveCfg = Debug|Any CPU
		{D31525EF-11D5-4A02-AC59-D8E5548868CB}.Debug|Any CPU.Build.0 = Debug|Any CPU
		{D31525EF-11D5-4A02-AC59-D8E5548868CB}.Release|Any CPU.ActiveCfg = Release|Any CPU
		{D31525EF-11D5-4A02-AC59-D8E5548868CB}.Release|Any CPU.Build.0 = Release|Any CPU
	EndGlobalSection
	GlobalSection(SolutionProperties) = preSolution
		HideSolutionNode = FALSE
	EndGlobalSection
EndGlobal
